
Microsoft Visual Studio Solution File, Format Version 12.00
# Visual Studio Version 17
VisualStudioVersion = 17.2.32505.173
MinimumVisualStudioVersion = 10.0.40219.1
Project("{FAE04EC0-301F-11D3-BF4B-00C04F79EFBC}") = "FibonacciZyklus", "FibonacciZyklus\FibonacciZyklus.csproj", "{7119B453-511F-4104-8531-312CF76039B9}"
EndProject
Global
	GlobalSection(SolutionConfigurationPlatforms) = preSolution
		Debug|Any CPU = Debug|Any CPU
		Release|Any CPU = Release|Any CPU
	EndGlobalSection
	GlobalSection(ProjectConfigurationPlatforms) = postSolution
		{7119B453-511F-4104-8531-312CF76039B9}.Debug|Any CPU.ActiveCfg = Debug|Any CPU
		{7119B453-511F-4104-8531-312CF76039B9}.Debug|Any CPU.Build.0 = Debug|Any CPU
		{7119B453-511F-4104-8531-312CF76039B9}.Release|Any CPU.ActiveCfg = Release|Any CPU
		{7119B453-511F-4104-8531-312CF76039B9}.Release|Any CPU.Build.0 = Release|Any CPU
	EndGlobalSection
	GlobalSection(SolutionProperties) = preSolution
		HideSolutionNode = FALSE
	EndGlobalSection
	GlobalSection(ExtensibilityGlobals) = postSolution
		SolutionGuid = {4C2B2A44-133F-4FE9-A52E-833B361974FF}
	EndGlobalSection
EndGlobal
